
Microsoft Visual Studio Solution File, Format Version 12.00
# Visual Studio Version 16
VisualStudioVersion = 16.0.28803.352
MinimumVisualStudioVersion = 10.0.40219.1
Project("{FAE04EC0-301F-11D3-BF4B-00C04F79EFBC}") = "Minesweeper", "Minesweeper\Minesweeper.csproj", "{94400BCA-5EFC-4644-B884-B2A604BEE50B}"
EndProject
Global
	GlobalSection(SolutionConfigurationPlatforms) = preSolution
		Debug|Any CPU = Debug|Any CPU
		Release|Any CPU = Release|Any CPU
	EndGlobalSection
	GlobalSection(ProjectConfigurationPlatforms) = postSolution
		{94400BCA-5EFC-4644-B884-B2A604BEE50B}.Debug|Any CPU.ActiveCfg = Debug|Any CPU
		{94400BCA-5EFC-4644-B884-B2A604BEE50B}.Debug|Any CPU.Build.0 = Debug|Any CPU
		{94400BCA-5EFC-4644-B884-B2A604BEE50B}.Release|Any CPU.ActiveCfg = Release|Any CPU
		{94400BCA-5EFC-4644-B884-B2A604BEE50B}.Release|Any CPU.Build.0 = Release|Any CPU
	EndGlobalSection
	GlobalSection(SolutionProperties) = preSolution
		HideSolutionNode = FALSE
	EndGlobalSection
	GlobalSection(ExtensibilityGlobals) = postSolution
		SolutionGuid = {8157AFD1-B0E2-4EFC-95EA-6448878694BA}
	EndGlobalSection
EndGlobal
